# Exact solved Conda packages for linux-64.
# NetBID2 itself is installed and verified by install_netbid2.R.
@EXPLICIT
https://conda.anaconda.org/conda-forge/linux-64/_openmp_mutex-4.5-20_gnu.conda
https://conda.anaconda.org/conda-forge/noarch/_r-mutex-1.0.1-anacondar_1.tar.bz2
https://conda.anaconda.org/conda-forge/noarch/adwaita-icon-theme-49.0-unix_0.conda
https://conda.anaconda.org/conda-forge/linux-64/aom-3.14.1-pl5321h039972f_1.conda
https://conda.anaconda.org/conda-forge/noarch/argcomplete-3.7.2-pyhcf101f3_0.conda
https://conda.anaconda.org/conda-forge/linux-64/at-spi2-atk-2.38.0-h0630a04_3.tar.bz2
https://conda.anaconda.org/conda-forge/linux-64/at-spi2-core-2.40.3-h0630a04_0.tar.bz2
https://conda.anaconda.org/conda-forge/linux-64/atk-1.0-2.38.0-h04ea711_2.conda
https://conda.anaconda.org/conda-forge/linux-64/aws-c-auth-0.10.4-h4610da3_2.conda
https://conda.anaconda.org/conda-forge/linux-64/aws-c-cal-0.9.15-h6bbde05_1.conda
https://conda.anaconda.org/conda-forge/linux-64/aws-c-common-0.14.3-hb03c661_0.conda
https://conda.anaconda.org/conda-forge/linux-64/aws-c-compression-0.3.2-h01ee8f8_5.conda
https://conda.anaconda.org/conda-forge/linux-64/aws-c-http-0.11.0-hbe094ff_5.conda
https://conda.anaconda.org/conda-forge/linux-64/aws-c-io-0.27.5-h4f381ba_1.conda
https://conda.anaconda.org/conda-forge/linux-64/aws-c-s3-0.13.1-h7508075_1.conda
https://conda.anaconda.org/conda-forge/linux-64/aws-c-sdkutils-0.2.7-h01ee8f8_3.conda
https://conda.anaconda.org/conda-forge/linux-64/aws-checksums-0.2.10-h01ee8f8_5.conda
https://conda.anaconda.org/conda-forge/linux-64/binutils_impl_linux-64-2.46.1-default_hfdba357_102.conda
https://conda.anaconda.org/conda-forge/linux-64/binutils_linux-64-2.46.1-default_h4852527_102.conda
https://conda.anaconda.org/bioconda/noarch/bioconductor-all-1.48.0-r44hdfd78af_0.tar.bz2
https://conda.anaconda.org/bioconda/noarch/bioconductor-annotate-1.84.0-r44hdfd78af_0.tar.bz2
https://conda.anaconda.org/bioconda/noarch/bioconductor-annotationdbi-1.68.0-r44hdfd78af_0.tar.bz2
https://conda.anaconda.org/bioconda/noarch/bioconductor-assorthead-1.0.0-r44hdfd78af_0.tar.bz2
https://conda.anaconda.org/bioconda/linux-64/bioconductor-beachmat-2.22.0-r44he5774e6_1.tar.bz2
https://conda.anaconda.org/bioconda/linux-64/bioconductor-biobase-2.66.0-r44h3df3fcb_0.tar.bz2
https://conda.anaconda.org/bioconda/noarch/bioconductor-biocfilecache-2.14.0-r44hdfd78af_0.tar.bz2
https://conda.anaconda.org/bioconda/noarch/bioconductor-biocgenerics-0.52.0-r44hdfd78af_3.tar.bz2
https://conda.anaconda.org/bioconda/linux-64/bioconductor-biocparallel-1.40.0-r44he5774e6_1.tar.bz2
https://conda.anaconda.org/bioconda/linux-64/bioconductor-biocsingular-1.22.0-r44he5774e6_1.tar.bz2
https://conda.anaconda.org/bioconda/noarch/bioconductor-biomart-2.62.0-r44hdfd78af_0.tar.bz2
https://conda.anaconda.org/bioconda/linux-64/bioconductor-biostrings-2.74.0-r44h3df3fcb_1.tar.bz2
https://conda.anaconda.org/bioconda/noarch/bioconductor-complexheatmap-2.22.0-r44hdfd78af_0.tar.bz2
https://conda.anaconda.org/bioconda/noarch/bioconductor-consensusclusterplus-1.70.0-r44hdfd78af_0.tar.bz2
https://conda.anaconda.org/bioconda/noarch/bioconductor-data-packages-20260207-hdfd78af_1.conda
https://conda.anaconda.org/bioconda/linux-64/bioconductor-delayedarray-0.32.0-r44h3df3fcb_1.tar.bz2
https://conda.anaconda.org/bioconda/noarch/bioconductor-delayedmatrixstats-1.28.0-r44hdfd78af_0.tar.bz2
https://conda.anaconda.org/bioconda/linux-64/bioconductor-deseq2-1.46.0-r44he5774e6_1.tar.bz2
https://conda.anaconda.org/bioconda/noarch/bioconductor-genomeinfodb-1.42.0-r44hdfd78af_2.tar.bz2
https://conda.anaconda.org/bioconda/noarch/bioconductor-genomeinfodbdata-1.2.13-r44hdfd78af_0.tar.bz2
https://conda.anaconda.org/bioconda/linux-64/bioconductor-genomicranges-1.58.0-r44h3df3fcb_2.tar.bz2
https://conda.anaconda.org/bioconda/noarch/bioconductor-geoquery-2.74.0-r44hdfd78af_0.tar.bz2
https://conda.anaconda.org/bioconda/linux-64/bioconductor-graph-1.84.0-r44h3df3fcb_1.tar.bz2
https://conda.anaconda.org/bioconda/noarch/bioconductor-gseabase-1.68.0-r44hdfd78af_0.tar.bz2
https://conda.anaconda.org/bioconda/linux-64/bioconductor-gsva-2.0.0-r44h3df3fcb_1.tar.bz2
https://conda.anaconda.org/bioconda/linux-64/bioconductor-hdf5array-1.34.0-r44h15a9599_1.tar.bz2
https://conda.anaconda.org/bioconda/linux-64/bioconductor-impute-1.80.0-r44h4d5c4aa_1.tar.bz2
https://conda.anaconda.org/bioconda/linux-64/bioconductor-iranges-2.40.0-r44h3df3fcb_2.tar.bz2
https://conda.anaconda.org/bioconda/noarch/bioconductor-keggrest-1.46.0-r44hdfd78af_0.tar.bz2
https://conda.anaconda.org/bioconda/linux-64/bioconductor-limma-3.62.1-r44h15a9599_1.tar.bz2
https://conda.anaconda.org/bioconda/noarch/bioconductor-matrixgenerics-1.18.0-r44hdfd78af_0.tar.bz2
https://conda.anaconda.org/bioconda/linux-64/bioconductor-rhdf5-2.50.0-r44h77050f0_1.tar.bz2
https://conda.anaconda.org/bioconda/linux-64/bioconductor-rhdf5filters-1.18.0-r44h77050f0_1.tar.bz2
https://conda.anaconda.org/bioconda/linux-64/bioconductor-rhdf5lib-1.28.0-r44h15a9599_0.tar.bz2
https://conda.anaconda.org/bioconda/linux-64/bioconductor-s4arrays-1.6.0-r44h3df3fcb_1.tar.bz2
https://conda.anaconda.org/bioconda/linux-64/bioconductor-s4vectors-0.44.0-r44h3df3fcb_2.tar.bz2
https://conda.anaconda.org/bioconda/noarch/bioconductor-scaledmatrix-1.14.0-r44hdfd78af_0.tar.bz2
https://conda.anaconda.org/bioconda/noarch/bioconductor-singlecellexperiment-1.28.0-r44hdfd78af_0.tar.bz2
https://conda.anaconda.org/bioconda/linux-64/bioconductor-sparsearray-1.6.0-r44h3df3fcb_1.tar.bz2
https://conda.anaconda.org/bioconda/linux-64/bioconductor-sparsematrixstats-1.18.0-r44he5774e6_1.tar.bz2
https://conda.anaconda.org/bioconda/noarch/bioconductor-spatialexperiment-1.16.0-r44hdfd78af_0.tar.bz2
https://conda.anaconda.org/bioconda/noarch/bioconductor-summarizedexperiment-1.36.0-r44hdfd78af_0.tar.bz2
https://conda.anaconda.org/bioconda/noarch/bioconductor-tximport-1.34.0-r44hdfd78af_0.tar.bz2
https://conda.anaconda.org/bioconda/linux-64/bioconductor-ucsc.utils-1.2.0-r44h9ee0642_1.tar.bz2
https://conda.anaconda.org/bioconda/linux-64/bioconductor-xvector-0.46.0-r44h15a9599_2.tar.bz2
https://conda.anaconda.org/bioconda/linux-64/bioconductor-zlibbioc-1.52.0-r44h3df3fcb_2.tar.bz2
https://conda.anaconda.org/conda-forge/linux-64/bwidget-1.10.1-ha770c72_1.conda
https://conda.anaconda.org/conda-forge/linux-64/bzip2-1.0.8-hda65f42_10.conda
https://conda.anaconda.org/conda-forge/linux-64/c-ares-1.34.8-h280c20c_1.conda
https://conda.anaconda.org/conda-forge/linux-64/c-compiler-2.0.0-ha29393d_0.conda
https://conda.anaconda.org/conda-forge/noarch/ca-certificates-2026.7.22-hbd8a1cb_0.conda
https://conda.anaconda.org/conda-forge/linux-64/cairo-1.18.4-he90730b_1.conda
https://conda.anaconda.org/conda-forge/linux-64/compilers-2.0.0-ha770c72_0.conda
https://conda.anaconda.org/conda-forge/linux-64/curl-8.21.0-heca4667_4.conda
https://conda.anaconda.org/conda-forge/linux-64/cxx-compiler-2.0.0-hdab9b82_0.conda
https://conda.anaconda.org/conda-forge/linux-64/dav1d-1.2.1-hd590300_0.conda
https://conda.anaconda.org/conda-forge/linux-64/dbus-1.16.2-h24cb091_1.conda
https://conda.anaconda.org/conda-forge/linux-64/epoxy-1.5.10-hb03c661_2.conda
https://conda.anaconda.org/conda-forge/linux-64/fftw-3.3.11-nompi_h3b011a4_100.conda
https://conda.anaconda.org/conda-forge/noarch/font-ttf-dejavu-sans-mono-2.37-hab24e00_0.tar.bz2
https://conda.anaconda.org/conda-forge/noarch/font-ttf-inconsolata-3.000-h77eed37_0.tar.bz2
https://conda.anaconda.org/conda-forge/noarch/font-ttf-source-code-pro-2.038-h77eed37_0.tar.bz2
https://conda.anaconda.org/conda-forge/noarch/font-ttf-ubuntu-0.83-h77eed37_3.conda
https://conda.anaconda.org/conda-forge/linux-64/fontconfig-2.18.3-h4db4eae_1.conda
https://conda.anaconda.org/conda-forge/noarch/fonts-conda-ecosystem-1-0.tar.bz2
https://conda.anaconda.org/conda-forge/noarch/fonts-conda-forge-1-hc364b38_1.conda
https://conda.anaconda.org/conda-forge/linux-64/fortran-compiler-2.0.0-h0f4f740_0.conda
https://conda.anaconda.org/conda-forge/linux-64/freeglut-3.2.2-h215f996_4.conda
https://conda.anaconda.org/conda-forge/linux-64/freetype-2.14.3-ha770c72_2.conda
https://conda.anaconda.org/conda-forge/linux-64/fribidi-1.0.16-hb03c661_1.conda
https://conda.anaconda.org/conda-forge/linux-64/gcc-15.3.0-hb7a6aa6_1.conda
https://conda.anaconda.org/conda-forge/linux-64/gcc_impl_linux-64-15.3.0-h3a305e7_1.conda
https://conda.anaconda.org/conda-forge/linux-64/gcc_linux-64-15.3.0-h7df7c86_0.conda
https://conda.anaconda.org/conda-forge/linux-64/gdk-pixbuf-2.44.8-h68053f1_0.conda
https://conda.anaconda.org/conda-forge/linux-64/gfortran-15.3.0-hd47ba16_1.conda
https://conda.anaconda.org/conda-forge/linux-64/gfortran_impl_linux-64-15.3.0-h27ced10_1.conda
https://conda.anaconda.org/conda-forge/linux-64/ghostscript-10.07.1-hecca717_0.conda
https://conda.anaconda.org/conda-forge/linux-64/giflib-5.2.2-ha257d8a_1.conda
https://conda.anaconda.org/conda-forge/linux-64/git-2.55.0-pl5321h5685339_1.conda
https://conda.anaconda.org/conda-forge/linux-64/glib-tools-2.88.3-h4916ab3_1.conda
https://conda.anaconda.org/conda-forge/linux-64/glpk-5.0-h445213a_0.tar.bz2
https://conda.anaconda.org/conda-forge/linux-64/gmp-6.3.0-hfd2156b_3.conda
https://conda.anaconda.org/conda-forge/linux-64/graphite2-1.3.15-h54a6638_1.conda
https://conda.anaconda.org/conda-forge/linux-64/graphviz-14.1.2-h8b86629_0.conda
https://conda.anaconda.org/conda-forge/linux-64/gsl-2.7-he838d99_0.tar.bz2
https://conda.anaconda.org/conda-forge/linux-64/gtk3-3.24.52-ha5ea40c_0.conda
https://conda.anaconda.org/conda-forge/linux-64/gts-0.7.6-h977cf35_4.conda
https://conda.anaconda.org/conda-forge/linux-64/gxx-15.3.0-hd47ba16_1.conda
https://conda.anaconda.org/conda-forge/linux-64/gxx_impl_linux-64-15.3.0-h90d9265_1.conda
https://conda.anaconda.org/conda-forge/linux-64/gxx_linux-64-15.3.0-h6bd041b_0.conda
https://conda.anaconda.org/conda-forge/linux-64/harfbuzz-14.3.1-ha770c72_0.conda
https://conda.anaconda.org/conda-forge/linux-64/hdf5-2.2.0-nompi_hc529623_100.conda
https://conda.anaconda.org/conda-forge/linux-64/hicolor-icon-theme-0.17-ha770c72_3.conda
https://conda.anaconda.org/conda-forge/linux-64/icu-78.3-py310h44b86e0_2.conda
https://conda.anaconda.org/conda-forge/linux-64/imagemagick-7.1.2_26-agpl_h44ddad8_100.conda
https://conda.anaconda.org/conda-forge/linux-64/imath-3.2.2-hde8ca8f_0.conda
https://conda.anaconda.org/conda-forge/linux-64/jasper-4.2.9-h1588d4d_1.conda
https://conda.anaconda.org/conda-forge/linux-64/jq-1.8.2-h280c20c_1.conda
https://conda.anaconda.org/conda-forge/noarch/kernel-headers_linux-64-6.12.0-he073ed8_6.conda
https://conda.anaconda.org/conda-forge/linux-64/keyutils-1.6.3-h7cc23a3_1.conda
https://conda.anaconda.org/conda-forge/linux-64/krb5-1.22.2-hbc21106_2.conda
https://conda.anaconda.org/conda-forge/linux-64/lcms2-2.19.1-h0c24ade_1.conda
https://conda.anaconda.org/conda-forge/linux-64/ld_impl_linux-64-2.46.1-default_hbd61a6d_102.conda
https://conda.anaconda.org/conda-forge/linux-64/lerc-4.2.0-hdb68285_0.conda
https://conda.anaconda.org/conda-forge/linux-64/libaec-1.1.5-h088129d_0.conda
https://conda.anaconda.org/conda-forge/linux-64/libavif16-1.4.2-h0ed3d04_3.conda
https://conda.anaconda.org/conda-forge/linux-64/libblas-3.11.0-9_h4a7cf45_openblas.conda
https://conda.anaconda.org/conda-forge/linux-64/libbrotlicommon-1.2.0-h39a168f_3.conda
https://conda.anaconda.org/conda-forge/linux-64/libbrotlidec-1.2.0-ha411449_3.conda
https://conda.anaconda.org/conda-forge/linux-64/libbrotlienc-1.2.0-h018ffa1_3.conda
https://conda.anaconda.org/conda-forge/linux-64/libcblas-3.11.0-9_h0358290_openblas.conda
https://conda.anaconda.org/conda-forge/linux-64/libcups-2.3.3-h7a8fb5f_6.conda
https://conda.anaconda.org/conda-forge/linux-64/libcurl-8.21.0-heca4667_4.conda
https://conda.anaconda.org/conda-forge/linux-64/libde265-1.1.1-h171cf75_0.conda
https://conda.anaconda.org/conda-forge/linux-64/libdeflate-1.25-hd45a770_1.conda
https://conda.anaconda.org/conda-forge/linux-64/libdrm-2.4.129-h7cc23a3_0.conda
https://conda.anaconda.org/conda-forge/linux-64/libedit-3.1.20250104-pl5321h373387f_1.conda
https://conda.anaconda.org/conda-forge/linux-64/libegl-1.7.0-ha4b6fd6_3.conda
https://conda.anaconda.org/conda-forge/linux-64/libegl-devel-1.7.0-ha4b6fd6_3.conda
https://conda.anaconda.org/conda-forge/linux-64/libev-4.33-h280c20c_3.conda
https://conda.anaconda.org/conda-forge/linux-64/libexpat-2.8.1-hecca717_1.conda
https://conda.anaconda.org/conda-forge/linux-64/libffi-3.7.0-h3435931_0.conda
https://conda.anaconda.org/conda-forge/linux-64/libfreetype-2.14.3-ha770c72_2.conda
https://conda.anaconda.org/conda-forge/linux-64/libfreetype6-2.14.3-h5e6c136_2.conda
https://conda.anaconda.org/conda-forge/linux-64/libgcc-16.1.0-ha9f2e26_1.conda
https://conda.anaconda.org/conda-forge/noarch/libgcc-devel_linux-64-15.3.0-h2b852eb_101.conda
https://conda.anaconda.org/conda-forge/linux-64/libgcc-ng-16.1.0-h69a702a_1.conda
https://conda.anaconda.org/conda-forge/linux-64/libgd-2.3.3-h5fbf134_12.conda
https://conda.anaconda.org/conda-forge/linux-64/libgfortran-16.1.0-h69a702a_1.conda
https://conda.anaconda.org/conda-forge/linux-64/libgfortran5-16.1.0-h79bb938_1.conda
https://conda.anaconda.org/conda-forge/linux-64/libgit2-1.9.6-hc20babb_0.conda
https://conda.anaconda.org/conda-forge/linux-64/libgl-1.7.0-ha4b6fd6_3.conda
https://conda.anaconda.org/conda-forge/linux-64/libgl-devel-1.7.0-ha4b6fd6_3.conda
https://conda.anaconda.org/conda-forge/linux-64/libglib-2.88.3-h45c3219_1.conda
https://conda.anaconda.org/conda-forge/linux-64/libglu-9.0.3-h5888daf_1.conda
https://conda.anaconda.org/conda-forge/linux-64/libglvnd-1.7.0-ha4b6fd6_3.conda
https://conda.anaconda.org/conda-forge/linux-64/libglx-1.7.0-ha4b6fd6_3.conda
https://conda.anaconda.org/conda-forge/linux-64/libglx-devel-1.7.0-ha4b6fd6_3.conda
https://conda.anaconda.org/conda-forge/linux-64/libgomp-16.1.0-he0feb66_1.conda
https://conda.anaconda.org/conda-forge/linux-64/libharfbuzz-14.3.1-h23af247_0.conda
https://conda.anaconda.org/conda-forge/linux-64/libharfbuzz-devel-14.3.1-h23af247_0.conda
https://conda.anaconda.org/conda-forge/linux-64/libheif-1.23.1-gpl_h214e2e5_100.conda
https://conda.anaconda.org/conda-forge/linux-64/libhwy-1.4.0-h3a9caae_0.conda
https://conda.anaconda.org/conda-forge/linux-64/libiconv-1.18-h3b78370_2.conda
https://conda.anaconda.org/conda-forge/linux-64/libjpeg-turbo-3.2.0-hb03c661_1.conda
https://conda.anaconda.org/conda-forge/linux-64/libjxl-0.11.2-h174a0a3_1.conda
https://conda.anaconda.org/conda-forge/linux-64/liblapack-3.11.0-9_h47877c9_openblas.conda
https://conda.anaconda.org/conda-forge/linux-64/liblzma-5.8.3-hb03c661_1.conda
https://conda.anaconda.org/conda-forge/linux-64/libmpdec-4.0.0-hb03c661_2.conda
https://conda.anaconda.org/conda-forge/linux-64/libnghttp2-1.68.1-h877daf1_0.conda
https://conda.anaconda.org/conda-forge/linux-64/libopenblas-0.3.34-pthreads_h94d23a6_0.conda
https://conda.anaconda.org/conda-forge/linux-64/libopengl-1.7.0-ha4b6fd6_3.conda
https://conda.anaconda.org/conda-forge/linux-64/libpciaccess-0.19-hb03c661_1.conda
https://conda.anaconda.org/conda-forge/linux-64/libpng-1.6.58-h922cc85_1.conda
https://conda.anaconda.org/conda-forge/linux-64/libpsl-0.23.1-hd9e3e90_1.conda
https://conda.anaconda.org/conda-forge/linux-64/libraw-0.22.2-h074291d_0.conda
https://conda.anaconda.org/conda-forge/linux-64/librsvg-2.62.3-h4c96295_0.conda
https://conda.anaconda.org/conda-forge/linux-64/libsanitizer-15.3.0-h54950a5_1.conda
https://conda.anaconda.org/conda-forge/linux-64/libsqlite-3.53.4-hf4e2dac_0.conda
https://conda.anaconda.org/conda-forge/linux-64/libssh2-1.11.1-h6154650_1.conda
https://conda.anaconda.org/conda-forge/linux-64/libstdcxx-16.1.0-h934c35e_1.conda
https://conda.anaconda.org/conda-forge/noarch/libstdcxx-devel_linux-64-15.3.0-hb2c5482_101.conda
https://conda.anaconda.org/conda-forge/linux-64/libstdcxx-ng-16.1.0-hdf11a46_1.conda
https://conda.anaconda.org/conda-forge/linux-64/libtiff-4.7.2-h9d88235_0.conda
https://conda.anaconda.org/conda-forge/linux-64/libuuid-2.42.2-h5347b49_0.conda
https://conda.anaconda.org/conda-forge/linux-64/libuv-1.52.1-h280c20c_1.conda
https://conda.anaconda.org/conda-forge/linux-64/libwebp-base-1.6.0-hd42ef1d_1.conda
https://conda.anaconda.org/conda-forge/linux-64/libxcb-1.17.0-h8a09558_0.conda
https://conda.anaconda.org/conda-forge/linux-64/libxcrypt-4.4.38-h280c20c_0.conda
https://conda.anaconda.org/conda-forge/linux-64/libxkbcommon-1.13.2-hca5e8e5_0.conda
https://conda.anaconda.org/conda-forge/linux-64/libxml2-2.15.3-h49c6c72_0.conda
https://conda.anaconda.org/conda-forge/linux-64/libxml2-16-2.15.3-hca6bf5a_0.conda
https://conda.anaconda.org/conda-forge/linux-64/libxml2-devel-2.15.3-h49c6c72_0.conda
https://conda.anaconda.org/conda-forge/linux-64/libzip-1.11.2-h6991a6a_0.conda
https://conda.anaconda.org/conda-forge/linux-64/libzlib-1.3.2-h25fd6f3_3.conda
https://conda.anaconda.org/conda-forge/linux-64/make-4.4.1-hb03c661_3.conda
https://conda.anaconda.org/conda-forge/linux-64/ncurses-6.6-hdb14827_1.conda
https://conda.anaconda.org/conda-forge/linux-64/nlopt-2.11.0-np2py314h6477eea_1.conda
https://conda.anaconda.org/conda-forge/linux-64/numpy-2.5.2-py314h2b28147_0.conda
https://conda.anaconda.org/conda-forge/linux-64/oniguruma-6.9.10-h280c20c_1.conda
https://conda.anaconda.org/conda-forge/linux-64/openexr-3.4.14-h6de6307_0.conda
https://conda.anaconda.org/conda-forge/linux-64/openjpeg-2.5.4-h55fea9a_0.conda
https://conda.anaconda.org/conda-forge/linux-64/openjph-0.31.0-h8d634f6_0.conda
https://conda.anaconda.org/conda-forge/linux-64/openssl-3.6.3-h35e630c_1.conda
https://conda.anaconda.org/conda-forge/linux-64/pandoc-3.10.2-ha770c72_0.conda
https://conda.anaconda.org/conda-forge/linux-64/pango-1.58.2-hda50119_0.conda
https://conda.anaconda.org/conda-forge/linux-64/pcre2-10.47-haa7fec5_0.conda
https://conda.anaconda.org/conda-forge/linux-64/perl-5.32.1-7_hd590300_perl5.conda
https://conda.anaconda.org/conda-forge/linux-64/pixman-0.46.4-h54a6638_3.conda
https://conda.anaconda.org/conda-forge/linux-64/pkg-config-0.29.2-h7c397b8_1011.conda
https://conda.anaconda.org/conda-forge/linux-64/pthread-stubs-0.4-hb03c661_1003.conda
https://conda.anaconda.org/conda-forge/linux-64/python-3.14.6-h242f9ac_102_cp314.conda
https://conda.anaconda.org/conda-forge/noarch/python_abi-3.14-8_cp314.conda
https://conda.anaconda.org/conda-forge/linux-64/pyyaml-6.0.3-py314h67df5f8_1.conda
https://conda.anaconda.org/conda-forge/noarch/r-abind-1.4_8-r44hc72bb7e_1.conda
https://conda.anaconda.org/conda-forge/linux-64/r-ape-5.8_1-r44h3704496_2.conda
https://conda.anaconda.org/conda-forge/linux-64/r-aricode-1.1.0-r44h3697838_0.conda
https://conda.anaconda.org/conda-forge/noarch/r-arm-1.15_3-r44hc72bb7e_0.conda
https://conda.anaconda.org/conda-forge/linux-64/r-askpass-1.2.1-r44h54b55ab_1.conda
https://conda.anaconda.org/conda-forge/noarch/r-assertthat-0.2.1-r44hc72bb7e_6.conda
https://conda.anaconda.org/conda-forge/noarch/r-babelgene-22.9-r44hc72bb7e_4.conda
https://conda.anaconda.org/conda-forge/linux-64/r-base-4.4.3-h502d0c9_11.conda
https://conda.anaconda.org/conda-forge/linux-64/r-base64enc-0.1_6-r44h54b55ab_0.conda
https://conda.anaconda.org/conda-forge/noarch/r-bh-1.87.0_1-r44hc72bb7e_1.conda
https://conda.anaconda.org/conda-forge/noarch/r-biocmanager-1.30.27-r44hc72bb7e_0.conda
https://conda.anaconda.org/conda-forge/linux-64/r-bit-4.6.0-r44h54b55ab_1.conda
https://conda.anaconda.org/conda-forge/linux-64/r-bit64-4.8.2-r44h54b55ab_0.conda
https://conda.anaconda.org/conda-forge/noarch/r-blob-1.3.0-r44hc72bb7e_0.conda
https://conda.anaconda.org/conda-forge/noarch/r-boot-1.3_32-r44hc72bb7e_1.conda
https://conda.anaconda.org/conda-forge/noarch/r-brew-1.0_10-r44hc72bb7e_2.conda
https://conda.anaconda.org/conda-forge/linux-64/r-brio-1.1.5-r44h54b55ab_2.conda
https://conda.anaconda.org/conda-forge/noarch/r-bslib-0.12.0-r44hc72bb7e_0.conda
https://conda.anaconda.org/conda-forge/linux-64/r-cachem-1.1.0-r44h54b55ab_2.conda
https://conda.anaconda.org/conda-forge/noarch/r-callr-3.7.6-r44hc72bb7e_2.conda
https://conda.anaconda.org/conda-forge/noarch/r-circlize-0.4.18-r44hc72bb7e_0.conda
https://conda.anaconda.org/conda-forge/linux-64/r-cli-3.6.6-r44h3697838_0.conda
https://conda.anaconda.org/conda-forge/noarch/r-cliapp-0.1.2-r44hc72bb7e_2.conda
https://conda.anaconda.org/conda-forge/noarch/r-clipr-0.8.1-r44hc72bb7e_0.conda
https://conda.anaconda.org/conda-forge/linux-64/r-clue-0.3_68-r44h54b55ab_0.conda
https://conda.anaconda.org/conda-forge/linux-64/r-cluster-2.1.8.3-r44heaba542_0.conda
https://conda.anaconda.org/conda-forge/noarch/r-coda-0.19_4.1-r44hc72bb7e_2.conda
https://conda.anaconda.org/conda-forge/noarch/r-codetools-0.2_20-r44hc72bb7e_2.conda
https://conda.anaconda.org/conda-forge/linux-64/r-colorspace-2.1_3-r44h54b55ab_0.conda
https://conda.anaconda.org/conda-forge/linux-64/r-commonmark-2.0.0-r44h54b55ab_1.conda
https://conda.anaconda.org/conda-forge/noarch/r-corpcor-1.6.10-r44hc72bb7e_4.conda
https://conda.anaconda.org/conda-forge/noarch/r-cpp11-0.5.5-r44h785f33e_0.conda
https://conda.anaconda.org/conda-forge/noarch/r-crayon-1.5.3-r44hc72bb7e_2.conda
https://conda.anaconda.org/conda-forge/noarch/r-credentials-2.0.3-r44hc72bb7e_1.conda
https://conda.anaconda.org/conda-forge/noarch/r-crosstalk-1.2.2-r44hc72bb7e_1.conda
https://conda.anaconda.org/conda-forge/linux-64/r-cubature-2.1.4_1-r44ha36cffa_0.conda
https://conda.anaconda.org/conda-forge/linux-64/r-curl-7.1.0-r44h10955f1_0.conda
https://conda.anaconda.org/conda-forge/linux-64/r-data.table-1.18.4-r44h1c8cec4_0.conda
https://conda.anaconda.org/conda-forge/noarch/r-dbi-1.3.0-r44hc72bb7e_0.conda
https://conda.anaconda.org/conda-forge/noarch/r-dbplyr-2.6.0-r44hc72bb7e_0.conda
https://conda.anaconda.org/conda-forge/noarch/r-desc-1.4.3-r44hc72bb7e_2.conda
https://conda.anaconda.org/conda-forge/noarch/r-devtools-2.5.2-r44hc72bb7e_0.conda
https://conda.anaconda.org/conda-forge/linux-64/r-diffobj-0.3.8-r44h54b55ab_0.conda
https://conda.anaconda.org/conda-forge/linux-64/r-digest-0.6.39-r44h3697838_0.conda
https://conda.anaconda.org/conda-forge/noarch/r-doparallel-1.0.17-r44hc72bb7e_4.conda
https://conda.anaconda.org/conda-forge/noarch/r-downlit-0.4.5-r44hc72bb7e_0.conda
https://conda.anaconda.org/conda-forge/linux-64/r-dplyr-1.2.1-r44h3697838_0.conda
https://conda.anaconda.org/conda-forge/linux-64/r-ellipsis-0.3.3-r44h54b55ab_0.conda
https://conda.anaconda.org/conda-forge/noarch/r-evaluate-1.0.5-r44hc72bb7e_1.conda
https://conda.anaconda.org/conda-forge/linux-64/r-fansi-1.0.7-r44h54b55ab_0.conda
https://conda.anaconda.org/conda-forge/linux-64/r-farver-2.1.2-r44h3697838_2.conda
https://conda.anaconda.org/conda-forge/linux-64/r-fastmap-1.2.0-r44h3697838_2.conda
https://conda.anaconda.org/conda-forge/linux-64/r-filelock-1.0.3-r44h54b55ab_2.conda
https://conda.anaconda.org/conda-forge/noarch/r-fontawesome-0.5.3-r44hc72bb7e_1.conda
https://conda.anaconda.org/conda-forge/noarch/r-foreach-1.5.2-r44hc72bb7e_4.conda
https://conda.anaconda.org/conda-forge/noarch/r-formatr-1.14-r44hc72bb7e_3.conda
https://conda.anaconda.org/conda-forge/linux-64/r-fs-2.1.0-r44h3697838_0.conda
https://conda.anaconda.org/conda-forge/noarch/r-futile.logger-1.4.9-r44hc72bb7e_0.conda
https://conda.anaconda.org/conda-forge/noarch/r-futile.options-1.0.1-r44hc72bb7e_1006.conda
https://conda.anaconda.org/conda-forge/noarch/r-gbrd-0.4.12-r44hc72bb7e_2.conda
https://conda.anaconda.org/conda-forge/noarch/r-generics-0.1.4-r44hc72bb7e_1.conda
https://conda.anaconda.org/conda-forge/linux-64/r-gert-2.4.0-r44h5e22a44_0.conda
https://conda.anaconda.org/conda-forge/noarch/r-getoptlong-1.1.1-r44hc72bb7e_0.conda
https://conda.anaconda.org/conda-forge/noarch/r-ggplot2-4.0.3-r44h785f33e_0.conda
https://conda.anaconda.org/conda-forge/noarch/r-gh-1.6.1-r44hc72bb7e_0.conda
https://conda.anaconda.org/conda-forge/noarch/r-gitcreds-0.1.2-r44hc72bb7e_4.conda
https://conda.anaconda.org/conda-forge/noarch/r-globaloptions-0.1.4-r44ha770c72_0.conda
https://conda.anaconda.org/conda-forge/linux-64/r-glue-1.8.1-r44h54b55ab_0.conda
https://conda.anaconda.org/conda-forge/noarch/r-gtable-0.3.6-r44hc72bb7e_1.conda
https://conda.anaconda.org/conda-forge/noarch/r-here-1.0.2-r44hc72bb7e_0.conda
https://conda.anaconda.org/conda-forge/linux-64/r-hexbin-1.28.6-r44heaba542_0.conda
https://conda.anaconda.org/conda-forge/noarch/r-highr-0.12-r44hc72bb7e_0.conda
https://conda.anaconda.org/conda-forge/noarch/r-hms-1.1.4-r44hc72bb7e_0.conda
https://conda.anaconda.org/conda-forge/linux-64/r-htmltools-0.5.9-r44h3697838_0.conda
https://conda.anaconda.org/conda-forge/noarch/r-htmlwidgets-1.6.4-r44h785f33e_4.conda
https://conda.anaconda.org/conda-forge/linux-64/r-httpuv-1.6.17-r44h6d565e7_0.conda
https://conda.anaconda.org/conda-forge/noarch/r-httr-1.4.8-r44hc72bb7e_0.conda
https://conda.anaconda.org/conda-forge/noarch/r-httr2-1.3.0-r44hc72bb7e_0.conda
https://conda.anaconda.org/conda-forge/linux-64/r-igraph-2.3.3-r44hf411e2a_0.conda
https://conda.anaconda.org/conda-forge/noarch/r-ini-0.3.1-r44hc72bb7e_1007.conda
https://conda.anaconda.org/conda-forge/linux-64/r-irlba-2.3.7-r44h0e4624f_0.conda
https://conda.anaconda.org/conda-forge/linux-64/r-isoband-0.3.0-r44h3697838_0.conda
https://conda.anaconda.org/conda-forge/noarch/r-iterators-1.0.14-r44hc72bb7e_4.conda
https://conda.anaconda.org/conda-forge/noarch/r-jquerylib-0.1.4-r44hc72bb7e_4.conda
https://conda.anaconda.org/conda-forge/linux-64/r-jsonlite-2.0.0-r44h54b55ab_1.conda
https://conda.anaconda.org/conda-forge/noarch/r-kableextra-1.4.1-r44hc72bb7e_0.conda
https://conda.anaconda.org/conda-forge/noarch/r-knitr-1.51-r44hc72bb7e_0.conda
https://conda.anaconda.org/conda-forge/noarch/r-labeling-0.4.3-r44hc72bb7e_2.conda
https://conda.anaconda.org/conda-forge/noarch/r-lambda.r-1.2.4-r44hc72bb7e_5.conda
https://conda.anaconda.org/conda-forge/linux-64/r-later-1.4.8-r44h3697838_0.conda
https://conda.anaconda.org/conda-forge/linux-64/r-lattice-0.22_9-r44h54b55ab_0.conda
https://conda.anaconda.org/conda-forge/linux-64/r-lazyeval-0.2.3-r44h54b55ab_0.conda
https://conda.anaconda.org/conda-forge/noarch/r-lifecycle-1.0.5-r44hc72bb7e_0.conda
https://conda.anaconda.org/conda-forge/linux-64/r-lme4-2.0_6-r44h3697838_0.conda
https://conda.anaconda.org/conda-forge/linux-64/r-locfit-1.5_9.12-r44h54b55ab_1.conda
https://conda.anaconda.org/conda-forge/linux-64/r-lpsolve-5.6.23-r44h54b55ab_1.conda
https://conda.anaconda.org/conda-forge/linux-64/r-magick-2.9.1-r44h3697838_1.conda
https://conda.anaconda.org/conda-forge/linux-64/r-magrittr-2.0.5-r44h54b55ab_0.conda
https://conda.anaconda.org/conda-forge/linux-64/r-mass-7.3_66-r44h54b55ab_0.conda
https://conda.anaconda.org/conda-forge/linux-64/r-matrix-1.7_5-r44h0e4624f_0.conda
https://conda.anaconda.org/conda-forge/linux-64/r-matrixstats-1.5.0-r44h54b55ab_1.conda
https://conda.anaconda.org/conda-forge/linux-64/r-mcmcglmm-2.36-r44h3697838_3.conda
https://conda.anaconda.org/conda-forge/noarch/r-memoise-2.0.1-r44hc72bb7e_4.conda
https://conda.anaconda.org/conda-forge/linux-64/r-mime-0.13-r44h54b55ab_1.conda
https://conda.anaconda.org/conda-forge/noarch/r-miniui-0.1.2-r44hc72bb7e_1.conda
https://conda.anaconda.org/conda-forge/linux-64/r-minqa-1.2.8-r44ha36cffa_2.conda
https://conda.anaconda.org/conda-forge/noarch/r-misc3d-0.9_2-r44hc72bb7e_0.conda
https://conda.anaconda.org/conda-forge/noarch/r-msigdbr-26.1.0-r44hc72bb7e_0.conda
https://conda.anaconda.org/conda-forge/noarch/r-munsell-0.5.1-r44hc72bb7e_2.conda
https://conda.anaconda.org/conda-forge/linux-64/r-nlme-3.1_170-r44heaba542_0.conda
https://conda.anaconda.org/conda-forge/linux-64/r-nloptr-2.2.1-r44h4d0e4a9_2.conda
https://conda.anaconda.org/conda-forge/noarch/r-numderiv-2016.8_1.1-r44hc72bb7e_7.conda
https://conda.anaconda.org/conda-forge/linux-64/r-openssl-2.4.2-r44h68c19f5_0.conda
https://conda.anaconda.org/conda-forge/linux-64/r-openxlsx-4.2.8.1-r44h3697838_0.conda
https://conda.anaconda.org/conda-forge/linux-64/r-ordinal-2026.7_26-r44h54b55ab_0.conda
https://conda.anaconda.org/conda-forge/noarch/r-otel-0.2.0-r44hc72bb7e_1.conda
https://conda.anaconda.org/conda-forge/noarch/r-pak-0.11.1-r44hc72bb7e_0.conda
https://conda.anaconda.org/conda-forge/noarch/r-pillar-1.11.1-r44hc72bb7e_0.conda
https://conda.anaconda.org/conda-forge/noarch/r-pkgbuild-1.4.8-r44hc72bb7e_1.conda
https://conda.anaconda.org/conda-forge/noarch/r-pkgcache-2.2.4-r44hc72bb7e_1.conda
https://conda.anaconda.org/conda-forge/noarch/r-pkgconfig-2.0.3-r44hc72bb7e_5.conda
https://conda.anaconda.org/conda-forge/noarch/r-pkgdown-2.2.1-r44hc72bb7e_0.conda
https://conda.anaconda.org/conda-forge/noarch/r-pkgload-1.5.3-r44hc72bb7e_0.conda
https://conda.anaconda.org/conda-forge/noarch/r-plot3d-1.4.2-r44hc72bb7e_1.conda
https://conda.anaconda.org/conda-forge/noarch/r-plotly-4.12.1-r44hc72bb7e_0.conda
https://conda.anaconda.org/conda-forge/noarch/r-plotrix-3.8_14-r44hc72bb7e_0.conda
https://conda.anaconda.org/conda-forge/linux-64/r-plyr-1.8.9-r44h3697838_3.conda
https://conda.anaconda.org/conda-forge/linux-64/r-png-0.1_9-r44haf2892b_0.conda
https://conda.anaconda.org/conda-forge/noarch/r-praise-1.0.0-r44hc72bb7e_1009.conda
https://conda.anaconda.org/conda-forge/noarch/r-prettycode-1.1.0-r44hc72bb7e_5.conda
https://conda.anaconda.org/conda-forge/noarch/r-prettyunits-1.2.0-r44hc72bb7e_2.conda
https://conda.anaconda.org/conda-forge/linux-64/r-processx-3.9.0-r44h54b55ab_0.conda
https://conda.anaconda.org/conda-forge/linux-64/r-profvis-0.4.0-r44h54b55ab_1.conda
https://conda.anaconda.org/conda-forge/noarch/r-progress-1.2.3-r44hc72bb7e_2.conda
https://conda.anaconda.org/conda-forge/noarch/r-promises-1.5.0-r44hc72bb7e_1.conda
https://conda.anaconda.org/conda-forge/linux-64/r-ps-1.9.3-r44h54b55ab_0.conda
https://conda.anaconda.org/conda-forge/linux-64/r-purrr-1.2.2-r44h54b55ab_0.conda
https://conda.anaconda.org/conda-forge/noarch/r-r.methodss3-1.8.2-r44hc72bb7e_4.conda
https://conda.anaconda.org/conda-forge/noarch/r-r.oo-1.27.1-r44hc72bb7e_1.conda
https://conda.anaconda.org/conda-forge/noarch/r-r.utils-2.13.0-r44hc72bb7e_1.conda
https://conda.anaconda.org/conda-forge/noarch/r-r6-2.6.1-r44hc72bb7e_1.conda
https://conda.anaconda.org/conda-forge/linux-64/r-ragg-1.5.2-r44h9f1dc4d_0.conda
https://conda.anaconda.org/conda-forge/linux-64/r-rappdirs-0.3.4-r44h54b55ab_0.conda
https://conda.anaconda.org/conda-forge/linux-64/r-rbibutils-2.4.1-r44h54b55ab_1.conda
https://conda.anaconda.org/conda-forge/noarch/r-rcmdcheck-1.4.0-r44h785f33e_4.conda
https://conda.anaconda.org/conda-forge/noarch/r-rcolorbrewer-1.1_3-r44h785f33e_4.conda
https://conda.anaconda.org/conda-forge/linux-64/r-rcpp-1.1.2-r44h3697838_0.conda
https://conda.anaconda.org/conda-forge/linux-64/r-rcpparmadillo-15.4.2_1-r44h3704496_0.conda
https://conda.anaconda.org/conda-forge/linux-64/r-rcppeigen-0.3.4.0.2-r44h3704496_1.conda
https://conda.anaconda.org/conda-forge/linux-64/r-rcpptoml-0.2.3-r44h3697838_1.conda
https://conda.anaconda.org/conda-forge/noarch/r-rdpack-2.6.6-r44hc72bb7e_0.conda
https://conda.anaconda.org/conda-forge/linux-64/r-rdtools-0.1.0-r44h54b55ab_0.conda
https://conda.anaconda.org/conda-forge/linux-64/r-readr-2.2.0-r44h3697838_0.conda
https://conda.anaconda.org/conda-forge/noarch/r-reformulas-0.4.4-r44hc72bb7e_0.conda
https://conda.anaconda.org/conda-forge/noarch/r-rematch2-2.1.2-r44hc72bb7e_5.conda
https://conda.anaconda.org/conda-forge/noarch/r-remotes-2.5.0-r44hc72bb7e_2.conda
https://conda.anaconda.org/conda-forge/noarch/r-rentrez-1.2.4-r44h785f33e_1.conda
https://conda.anaconda.org/conda-forge/linux-64/r-renv-1.2.4-r44h54b55ab_0.conda
https://conda.anaconda.org/conda-forge/linux-64/r-reshape-0.8.10-r44hc72bb7e_1.conda
https://conda.anaconda.org/conda-forge/linux-64/r-reticulate-1.46.0-r44h3697838_0.conda
https://conda.anaconda.org/conda-forge/linux-64/r-rjson-0.2.23-r44h3697838_1.conda
https://conda.anaconda.org/conda-forge/linux-64/r-rlang-1.3.0-r44h3697838_0.conda
https://conda.anaconda.org/conda-forge/noarch/r-rmarkdown-2.31-r44hc72bb7e_0.conda
https://conda.anaconda.org/conda-forge/linux-64/r-roxygen2-8.1.0-r44h3697838_0.conda
https://conda.anaconda.org/conda-forge/noarch/r-rprojroot-2.1.1-r44hc72bb7e_1.conda
https://conda.anaconda.org/conda-forge/linux-64/r-rspectra-0.16_2-r44h3704496_2.conda
https://conda.anaconda.org/conda-forge/linux-64/r-rsqlite-3.53.3-r44h0cf2dab_0.conda
https://conda.anaconda.org/conda-forge/noarch/r-rstudioapi-0.19.0-r44hc72bb7e_0.conda
https://conda.anaconda.org/conda-forge/noarch/r-rsvd-1.0.5-r44hc72bb7e_3.conda
https://conda.anaconda.org/conda-forge/noarch/r-rversions-3.0.0-r44hc72bb7e_0.conda
https://conda.anaconda.org/conda-forge/noarch/r-rvest-1.0.5-r44hc72bb7e_1.conda
https://conda.anaconda.org/conda-forge/linux-64/r-s7-0.2.2-r44h54b55ab_0.conda
https://conda.anaconda.org/conda-forge/linux-64/r-sass-0.4.10-r44h3697838_1.conda
https://conda.anaconda.org/conda-forge/noarch/r-scales-1.4.0-r44hc72bb7e_1.conda
https://conda.anaconda.org/conda-forge/noarch/r-selectr-0.6_0-r44hc72bb7e_0.conda
https://conda.anaconda.org/conda-forge/noarch/r-sessioninfo-1.2.4-r44hc72bb7e_0.conda
https://conda.anaconda.org/conda-forge/noarch/r-shape-1.4.6.1-r44ha770c72_2.conda
https://conda.anaconda.org/conda-forge/noarch/r-shiny-1.14.0-r44h785f33e_0.conda
https://conda.anaconda.org/conda-forge/noarch/r-snow-0.4_4-r44hc72bb7e_4.conda
https://conda.anaconda.org/conda-forge/linux-64/r-sourcetools-0.1.7_2-r44h3697838_0.conda
https://conda.anaconda.org/conda-forge/linux-64/r-statmod-1.5.2-r44hb1d0f04_0.conda
https://conda.anaconda.org/conda-forge/linux-64/r-stringi-1.8.9-r44h3d52c89_0.conda
https://conda.anaconda.org/conda-forge/noarch/r-stringr-1.6.0-r44h785f33e_0.conda
https://conda.anaconda.org/conda-forge/linux-64/r-svglite-2.2.2-r44h8ff94db_0.conda
https://conda.anaconda.org/conda-forge/linux-64/r-sys-3.4.3-r44h54b55ab_1.conda
https://conda.anaconda.org/conda-forge/linux-64/r-systemfonts-1.3.2-r44h74f4acd_0.conda
https://conda.anaconda.org/conda-forge/linux-64/r-tensora-0.36.2.1-r44h54b55ab_2.conda
https://conda.anaconda.org/conda-forge/linux-64/r-testthat-3.3.2-r44h3697838_0.conda
https://conda.anaconda.org/conda-forge/linux-64/r-textshaping-1.0.5-r44h74f4acd_0.conda
https://conda.anaconda.org/conda-forge/linux-64/r-tibble-3.3.1-r44h54b55ab_0.conda
https://conda.anaconda.org/conda-forge/linux-64/r-tidyr-1.3.2-r44h3697838_0.conda
https://conda.anaconda.org/conda-forge/noarch/r-tidyselect-1.2.1-r44hc72bb7e_2.conda
https://conda.anaconda.org/conda-forge/noarch/r-tinytex-0.60-r44hc72bb7e_0.conda
https://conda.anaconda.org/conda-forge/linux-64/r-tzdb-0.5.0-r44h3697838_2.conda
https://conda.anaconda.org/conda-forge/linux-64/r-ucminf-1.2.3-r44heaba542_0.conda
https://conda.anaconda.org/conda-forge/linux-64/r-umap-0.2.10.0-r44h3697838_3.conda
https://conda.anaconda.org/conda-forge/noarch/r-urlchecker-2.0.0-r44hc72bb7e_0.conda
https://conda.anaconda.org/conda-forge/noarch/r-usethis-3.2.1-r44hc72bb7e_1.conda
https://conda.anaconda.org/conda-forge/linux-64/r-utf8-1.2.6-r44h54b55ab_1.conda
https://conda.anaconda.org/conda-forge/linux-64/r-vctrs-0.7.3-r44h3697838_0.conda
https://conda.anaconda.org/conda-forge/noarch/r-viridislite-0.4.3-r44hc72bb7e_0.conda
https://conda.anaconda.org/conda-forge/linux-64/r-vroom-1.7.1-r44h3697838_0.conda
https://conda.anaconda.org/conda-forge/noarch/r-waldo-0.6.2-r44hc72bb7e_1.conda
https://conda.anaconda.org/conda-forge/noarch/r-webshot-0.5.5-r44hc72bb7e_2.conda
https://conda.anaconda.org/conda-forge/noarch/r-whisker-0.4.1-r44hc72bb7e_3.conda
https://conda.anaconda.org/conda-forge/noarch/r-withr-3.0.3-r44hc72bb7e_0.conda
https://conda.anaconda.org/conda-forge/linux-64/r-xfun-0.60-r44h54b55ab_0.conda
https://conda.anaconda.org/conda-forge/linux-64/r-xml-3.99_0.23-r44hf705907_0.conda
https://conda.anaconda.org/conda-forge/linux-64/r-xml2-1.6.0-r44he78afff_0.conda
https://conda.anaconda.org/conda-forge/noarch/r-xopen-1.0.1-r44hc72bb7e_2.conda
https://conda.anaconda.org/conda-forge/noarch/r-xtable-1.8_8-r44hc72bb7e_0.conda
https://conda.anaconda.org/conda-forge/linux-64/r-yaml-2.3.12-r44h54b55ab_0.conda
https://conda.anaconda.org/conda-forge/linux-64/r-zip-3.0.2-r44h54b55ab_0.conda
https://conda.anaconda.org/conda-forge/linux-64/rav1e-0.8.1-h1fbca29_0.conda
https://conda.anaconda.org/conda-forge/linux-64/readline-8.3-h853b02a_0.conda
https://conda.anaconda.org/conda-forge/linux-64/s2n-1.7.6-h7e3ee7f_0.conda
https://conda.anaconda.org/conda-forge/linux-64/sed-4.10-h19d0853_0.conda
https://conda.anaconda.org/conda-forge/linux-64/svt-av1-4.2.0-hecca717_0.conda
https://conda.anaconda.org/conda-forge/noarch/sysroot_linux-64-2.39-hc4b9eeb_6.conda
https://conda.anaconda.org/conda-forge/linux-64/tk-8.6.13-noxft_hd70dff1_3.conda
https://conda.anaconda.org/conda-forge/linux-64/tktable-2.10-h5a7a40f_8.conda
https://conda.anaconda.org/conda-forge/noarch/tomlkit-0.15.1-pyhcf101f3_0.conda
https://conda.anaconda.org/conda-forge/noarch/tzdata-2026c-h151e31d_0.conda
https://conda.anaconda.org/conda-forge/linux-64/wayland-1.26.0-h1964d1d_1.conda
https://conda.anaconda.org/conda-forge/linux-64/x265-3.5-h924138e_3.tar.bz2
https://conda.anaconda.org/conda-forge/linux-64/xkeyboard-config-2.48-h280c20c_0.conda
https://conda.anaconda.org/conda-forge/noarch/xmltodict-1.0.4-pyhcf101f3_0.conda
https://conda.anaconda.org/conda-forge/linux-64/xorg-libice-1.1.2-h280c20c_0.conda
https://conda.anaconda.org/conda-forge/linux-64/xorg-libsm-1.2.6-h0d788c3_1.conda
https://conda.anaconda.org/conda-forge/linux-64/xorg-libx11-1.8.13-he1eb515_0.conda
https://conda.anaconda.org/conda-forge/linux-64/xorg-libxau-1.0.12-hb03c661_2.conda
https://conda.anaconda.org/conda-forge/linux-64/xorg-libxcomposite-0.4.7-hb03c661_0.conda
https://conda.anaconda.org/conda-forge/linux-64/xorg-libxcursor-1.2.3-hb9d3cd8_0.conda
https://conda.anaconda.org/conda-forge/linux-64/xorg-libxdamage-1.1.6-hb9d3cd8_0.conda
https://conda.anaconda.org/conda-forge/linux-64/xorg-libxdmcp-1.1.5-hb03c661_2.conda
https://conda.anaconda.org/conda-forge/linux-64/xorg-libxext-1.3.7-hb03c661_0.conda
https://conda.anaconda.org/conda-forge/linux-64/xorg-libxfixes-6.0.2-hb03c661_0.conda
https://conda.anaconda.org/conda-forge/linux-64/xorg-libxi-1.8.3-hb03c661_0.conda
https://conda.anaconda.org/conda-forge/linux-64/xorg-libxinerama-1.1.6-hecca717_0.conda
https://conda.anaconda.org/conda-forge/linux-64/xorg-libxrandr-1.5.5-hb03c661_0.conda
https://conda.anaconda.org/conda-forge/linux-64/xorg-libxrender-0.9.12-hb9d3cd8_0.conda
https://conda.anaconda.org/conda-forge/linux-64/xorg-libxt-1.3.1-hb9d3cd8_0.conda
https://conda.anaconda.org/conda-forge/linux-64/xorg-libxtst-1.2.5-hb9d3cd8_3.conda
https://conda.anaconda.org/conda-forge/linux-64/xorg-libxxf86vm-1.1.7-hb03c661_0.conda
https://conda.anaconda.org/conda-forge/linux-64/xorg-xorgproto-2025.1-h280c20c_1.conda
https://conda.anaconda.org/conda-forge/linux-64/yaml-0.2.5-h280c20c_3.conda
https://conda.anaconda.org/conda-forge/noarch/yq-4.1.2-pyhcf101f3_1.conda
https://conda.anaconda.org/conda-forge/linux-64/zlib-1.3.2-h25fd6f3_3.conda
https://conda.anaconda.org/conda-forge/linux-64/zstd-1.5.7-hb78ec9c_7.conda
